
Microsoft Visual Studio Solution File, Format Version 12.00
# Visual Studio Version 17
VisualStudioVersion = 17.5.002.0
MinimumVisualStudioVersion = 10.0.40219.1
Project("{9A19103F-16F7-4668-BE54-9A1E7A4F7556}") = "PeopleOfDetermination.UI", "PeopleOfDetermination.UI\PeopleOfDetermination.UI.csproj", "{2BFDF86E-8CC4-4130-8D71-D90DF0E9793F}"
EndProject
Project("{9A19103F-16F7-4668-BE54-9A1E7A4F7556}") = "PeopleOfDetermination.Infrastructure", "PeopleOfDetermination.Infrastructure\PeopleOfDetermination.Infrastructure.csproj", "{8AF0F730-8683-4D51-92BC-58387381797A}"
EndProject
Project("{9A19103F-16F7-4668-BE54-9A1E7A4F7556}") = "PeopleOfDetermination.Core", "PeopleOfDetermination.Core\PeopleOfDetermination.Core.csproj", "{DD9C5655-B78C-4679-A5D1-6EF05F6AAA01}"
EndProject
Global
	GlobalSection(SolutionConfigurationPlatforms) = preSolution
		Debug|Any CPU = Debug|Any CPU
		Release|Any CPU = Release|Any CPU
	EndGlobalSection
	GlobalSection(ProjectConfigurationPlatforms) = postSolution
		{2BFDF86E-8CC4-4130-8D71-D90DF0E9793F}.Debug|Any CPU.ActiveCfg = Debug|Any CPU
		{2BFDF86E-8CC4-4130-8D71-D90DF0E9793F}.Debug|Any CPU.Build.0 = Debug|Any CPU
		{2BFDF86E-8CC4-4130-8D71-D90DF0E9793F}.Release|Any CPU.ActiveCfg = Release|Any CPU
		{2BFDF86E-8CC4-4130-8D71-D90DF0E9793F}.Release|Any CPU.Build.0 = Release|Any CPU
		{8AF0F730-8683-4D51-92BC-58387381797A}.Debug|Any CPU.ActiveCfg = Debug|Any CPU
		{8AF0F730-8683-4D51-92BC-58387381797A}.Debug|Any CPU.Build.0 = Debug|Any CPU
		{8AF0F730-8683-4D51-92BC-58387381797A}.Release|Any CPU.ActiveCfg = Release|Any CPU
		{8AF0F730-8683-4D51-92BC-58387381797A}.Release|Any CPU.Build.0 = Release|Any CPU
		{DD9C5655-B78C-4679-A5D1-6EF05F6AAA01}.Debug|Any CPU.ActiveCfg = Debug|Any CPU
		{DD9C5655-B78C-4679-A5D1-6EF05F6AAA01}.Debug|Any CPU.Build.0 = Debug|Any CPU
		{DD9C5655-B78C-4679-A5D1-6EF05F6AAA01}.Release|Any CPU.ActiveCfg = Release|Any CPU
		{DD9C5655-B78C-4679-A5D1-6EF05F6AAA01}.Release|Any CPU.Build.0 = Release|Any CPU
	EndGlobalSection
	GlobalSection(SolutionProperties) = preSolution
		HideSolutionNode = FALSE
	EndGlobalSection
	GlobalSection(ExtensibilityGlobals) = postSolution
		SolutionGuid = {16C2FDD4-BA08-49C3-BBC4-7034A3AA43E6}
	EndGlobalSection
EndGlobal
